// !$*UTF8*$!
{
	archiveVersion = 1;
	classes = {
	};
	objectVersion = 46;
	objects = {

/* Begin PBXBuildFile section */
		18E246DB1C0565380097BF59 /* README.md in Sources */ = {isa = PBXBuildFile; fileRef = 18E246DA1C0565380097BF59 /* README.md */; };
		6706F8861C04A3B8004726DC /* SortingAlgorithm.cpp in Sources */ = {isa = PBXBuildFile; fileRef = 6706F8841C04A3B8004726DC /* SortingAlgorithm.cpp */; };
/* End PBXBuildFile section */

/* Begin PBXCopyFilesBuildPhase section */
		6706F8751C04A1AD004726DC /* CopyFiles */ = {
			isa = PBXCopyFilesBuildPhase;
			buildActionMask = 2147483647;
			dstPath = /usr/share/man/man1/;
			dstSubfolderSpec = 0;
			files = (
			);
			runOnlyForDeploymentPostprocessing = 1;
		};
/* End PBXCopyFilesBuildPhase section */

/* Begin PBXFileReference section */
		18E246DA1C0565380097BF59 /* README.md */ = {isa = PBXFileReference; fileEncoding = 4; lastKnownFileType = net.daringfireball.markdown; path = README.md; sourceTree = "<group>"; };
		6706F8771C04A1AD004726DC /* YUSortingAlgorithm */ = {isa = PBXFileReference; explicitFileType = "compiled.mach-o.executable"; includeInIndex = 0; path = YUSortingAlgorithm; sourceTree = BUILT_PRODUCTS_DIR; };
		6706F8841C04A3B8004726DC /* SortingAlgorithm.cpp */ = {isa = PBXFileReference; fileEncoding = 4; lastKnownFileType = sourcecode.cpp.cpp; path = SortingAlgorithm.cpp; sourceTree = "<group>"; };
		6706F8851C04A3B8004726DC /* SortingAlgorithm.hpp */ = {isa = PBXFileReference; fileEncoding = 4; lastKnownFileType = sourcecode.cpp.h; path = SortingAlgorithm.hpp; sourceTree = "<group>"; };
/* End PBXFileReference section */

/* Begin PBXFrameworksBuildPhase section */
		6706F8741C04A1AD004726DC /* Frameworks */ = {
			isa = PBXFrameworksBuildPhase;
			buildActionMask = 2147483647;
			files = (
			);
			runOnlyForDeploymentPostprocessing = 0;
		};
/* End PBXFrameworksBuildPhase section */

/* Begin PBXGroup section */
		6706F86E1C04A1AD004726DC = {
			isa = PBXGroup;
			children = (
				6706F8791C04A1AD004726DC /* YUSortingAlgorithm */,
				6706F8781C04A1AD004726DC /* Products */,
			);
			sourceTree = "<group>";
		};
		6706F8781C04A1AD004726DC /* Products */ = {
			isa = PBXGroup;
			children = (
				6706F8771C04A1AD004726DC /* YUSortingAlgorithm */,
			);
			name = Products;
			sourceTree = "<group>";
		};
		6706F8791C04A1AD004726DC /* YUSortingAlgorithm */ = {
			isa = PBXGroup;
			children = (
				18E246DA1C0565380097BF59 /* README.md */,
				6706F8841C04A3B8004726DC /* SortingAlgorithm.cpp */,
				6706F8851C04A3B8004726DC /* SortingAlgorithm.hpp */,
			);
			path = YUSortingAlgorithm;
			sourceTree = "<group>";
		};
/* End PBXGroup section */

/* Begin PBXNativeTarget section */
		6706F8761C04A1AD004726DC /* YUSortingAlgorithm */ = {
			isa = PBXNativeTarget;
			buildConfigurationList = 6706F87E1C04A1AD004726DC /* Build configuration list for PBXNativeTarget "YUSortingAlgorithm" */;
			buildPhases = (
				6706F8731C04A1AD004726DC /* Sources */,
				6706F8741C04A1AD004726DC /* Frameworks */,
				6706F8751C04A1AD004726DC /* CopyFiles */,
			);
			buildRules = (
			);
			dependencies = (
			);
			name = YUSortingAlgorithm;
			productName = YUSortingAlgorithm;
			productReference = 6706F8771C04A1AD004726DC /* YUSortingAlgorithm */;
			productType = "com.apple.product-type.tool";
		};
/* End PBXNativeTarget section */

/* Begin PBXProject section */
		6706F86F1C04A1AD004726DC /* Project object */ = {
			isa = PBXProject;
			attributes = {
				LastUpgradeCheck = 0710;
				ORGANIZATIONNAME = BruceYu;
				TargetAttributes = {
					6706F8761C04A1AD004726DC = {
						CreatedOnToolsVersion = 7.1.1;
					};
				};
			};
			buildConfigurationList = 6706F8721C04A1AD004726DC /* Build configuration list for PBXProject "YUSortingAlgorithm" */;
			compatibilityVersion = "Xcode 3.2";
			developmentRegion = English;
			hasScannedForEncodings = 0;
			knownRegions = (
				en,
			);
			mainGroup = 6706F86E1C04A1AD004726DC;
			productRefGroup = 6706F8781C04A1AD004726DC /* Products */;
			projectDirPath = "";
			projectRoot = "";
			targets = (
				6706F8761C04A1AD004726DC /* YUSortingAlgorithm */,
			);
		};
/* End PBXProject section */

/* Begin PBXSourcesBuildPhase section */
		6706F8731C04A1AD004726DC /* Sources */ = {
			isa = PBXSourcesBuildPhase;
			buildActionMask = 2147483647;
			files = (
				18E246DB1C0565380097BF59 /* README.md in Sources */,
				6706F8861C04A3B8004726DC /* SortingAlgorithm.cpp in Sources */,
			);
			runOnlyForDeploymentPostprocessing = 0;
		};
/* End PBXSourcesBuildPhase section */

/* Begin XCBuildConfiguration section */
		6706F87C1C04A1AD004726DC /* Debug */ = {
			isa = XCBuildConfiguration;
			buildSettings = {
				ALWAYS_SEARCH_USER_PATHS = NO;
				CLANG_CXX_LANGUAGE_STANDARD = "gnu++0x";
				CLANG_CXX_LIBRARY = "libc++";
				CLANG_ENABLE_MODULES = YES;
				CLANG_ENABLE_OBJC_ARC = YES;
				CLANG_WARN_BOOL_CONVERSION = YES;
				CLANG_WARN_CONSTANT_CONVERSION = YES;
				CLANG_WARN_DIRECT_OBJC_ISA_USAGE = YES_ERROR;
				CLANG_WARN_EMPTY_BODY = YES;
				CLANG_WARN_ENUM_CONVERSION = YES;
				CLANG_WARN_INT_CONVERSION = YES;
				CLANG_WARN_OBJC_ROOT_CLASS = YES_ERROR;
				CLANG_WARN_UNREACHABLE_CODE = YES;
				CLANG_WARN__DUPLICATE_METHOD_MATCH = YES;
				CODE_SIGN_IDENTITY = "-";
				COPY_PHASE_STRIP = NO;
				DEBUG_INFORMATION_FORMAT = dwarf;
				ENABLE_STRICT_OBJC_MSGSEND = YES;
				ENABLE_TESTABILITY = YES;
				GCC_C_LANGUAGE_STANDARD = gnu99;
				GCC_DYNAMIC_NO_PIC = NO;
				GCC_NO_COMMON_BLOCKS = YES;
				GCC_OPTIMIZATION_LEVEL = 0;
				GCC_PREPROCESSOR_DEFINITIONS = (
					"DEBUG=1",
					"$(inherited)",
				);
				GCC_WARN_64_TO_32_BIT_CONVERSION = YES;
				GCC_WARN_ABOUT_RETURN_TYPE = YES_ERROR;
				GCC_WARN_UNDECLARED_SELECTOR = YES;
				GCC_WARN_UNINITIALIZED_AUTOS = YES_AGGRESSIVE;
				GCC_WARN_UNUSED_FUNCTION = YES;
				GCC_WARN_UNUSED_VARIABLE = YES;
				MACOSX_DEPLOYMENT_TARGET = 10.11;
				MTL_ENABLE_DEBUG_INFO = YES;
				ONLY_ACTIVE_ARCH = YES;
				SDKROOT = macosx;
			};
			name = Debug;
		};
		6706F87D1C04A1AD004726DC /* Release */ = {
			isa = XCBuildConfiguration;
			buildSettings = {
				ALWAYS_SEARCH_USER_PATHS = NO;
				CLANG_CXX_LANGUAGE_STANDARD = "gnu++0x";
				CLANG_CXX_LIBRARY = "libc++";
				CLANG_ENABLE_MODULES = YES;
				CLANG_ENABLE_OBJC_ARC = YES;
				CLANG_WARN_BOOL_CONVERSION = YES;
				CLANG_WARN_CONSTANT_CONVERSION = YES;
				CLANG_WARN_DIRECT_OBJC_ISA_USAGE = YES_ERROR;
				CLANG_WARN_EMPTY_BODY = YES;
				CLANG_WARN_ENUM_CONVERSION = YES;
				CLANG_WARN_INT_CONVERSION = YES;
				CLANG_WARN_OBJC_ROOT_CLASS = YES_ERROR;
				CLANG_WARN_UNREACHABLE_CODE = YES;
				CLANG_WARN__DUPLICATE_METHOD_MATCH = YES;
				CODE_SIGN_IDENTITY = "-";
				COPY_PHASE_STRIP = NO;
				DEBUG_INFORMATION_FORMAT = "dwarf-with-dsym";
				ENABLE_NS_ASSERTIONS = NO;
				ENABLE_STRICT_OBJC_MSGSEND = YES;
				GCC_C_LANGUAGE_STANDARD = gnu99;
				GCC_NO_COMMON_BLOCKS = YES;
				GCC_WARN_64_TO_32_BIT_CONVERSION = YES;
				GCC_WARN_ABOUT_RETURN_TYPE = YES_ERROR;
				GCC_WARN_UNDECLARED_SELECTOR = YES;
				GCC_WARN_UNINITIALIZED_AUTOS = YES_AGGRESSIVE;
				GCC_WARN_UNUSED_FUNCTION = YES;
				GCC_WARN_UNUSED_VARIABLE = YES;
				MACOSX_DEPLOYMENT_TARGET = 10.11;
				MTL_ENABLE_DEBUG_INFO = NO;
				SDKROOT = macosx;
			};
			name = Release;
		};
		6706F87F1C04A1AD004726DC /* Debug */ = {
			isa = XCBuildConfiguration;
			buildSettings = {
				PRODUCT_NAME = "$(TARGET_NAME)";
			};
			name = Debug;
		};
		6706F8801C04A1AD004726DC /* Release */ = {
			isa = XCBuildConfiguration;
			buildSettings = {
				PRODUCT_NAME = "$(TARGET_NAME)";
			};
			name = Release;
		};
/* End XCBuildConfiguration section */

/* Begin XCConfigurationList section */
		6706F8721C04A1AD004726DC /* Build configuration list for PBXProject "YUSortingAlgorithm" */ = {
			isa = XCConfigurationList;
			buildConfigurations = (
				6706F87C1C04A1AD004726DC /* Debug */,
				6706F87D1C04A1AD004726DC /* Release */,
			);
			defaultConfigurationIsVisible = 0;
			defaultConfigurationName = Release;
		};
		6706F87E1C04A1AD004726DC /* Build configuration list for PBXNativeTarget "YUSortingAlgorithm" */ = {
			isa = XCConfigurationList;
			buildConfigurations = (
				6706F87F1C04A1AD004726DC /* Debug */,
				6706F8801C04A1AD004726DC /* Release */,
			);
			defaultConfigurationIsVisible = 0;
			defaultConfigurationName = Release;
		};
/* End XCConfigurationList section */
	};
	rootObject = 6706F86F1C04A1AD004726DC /* Project object */;
}
